
Microsoft Visual Studio Solution File, Format Version 12.00
# Visual Studio 15
VisualStudioVersion = 15.0.35826.109
MinimumVisualStudioVersion = 10.0.40219.1
Project("{F184B08F-C81C-45F6-A57F-5ABD9991F28F}") = "強制轉用", "強制轉用\強制轉用.vbproj", "{6DDA5A6D-CB80-48D6-8FC8-0C6E489FD38A}"
EndProject
Global
	GlobalSection(SolutionConfigurationPlatforms) = preSolution
		Debug|Any CPU = Debug|Any CPU
		Release|Any CPU = Release|Any CPU
	EndGlobalSection
	GlobalSection(ProjectConfigurationPlatforms) = postSolution
		{6DDA5A6D-CB80-48D6-8FC8-0C6E489FD38A}.Debug|Any CPU.ActiveCfg = Debug|Any CPU
		{6DDA5A6D-CB80-48D6-8FC8-0C6E489FD38A}.Debug|Any CPU.Build.0 = Debug|Any CPU
		{6DDA5A6D-CB80-48D6-8FC8-0C6E489FD38A}.Release|Any CPU.ActiveCfg = Release|Any CPU
		{6DDA5A6D-CB80-48D6-8FC8-0C6E489FD38A}.Release|Any CPU.Build.0 = Release|Any CPU
	EndGlobalSection
	GlobalSection(SolutionProperties) = preSolution
		HideSolutionNode = FALSE
	EndGlobalSection
	GlobalSection(ExtensibilityGlobals) = postSolution
		SolutionGuid = {B739C4C1-83D9-413A-96D8-C443C88645DF}
	EndGlobalSection
EndGlobal
